
Microsoft Visual Studio Solution File, Format Version 12.00
# Visual Studio 15
VisualStudioVersion = 15.0.28010.2048
MinimumVisualStudioVersion = 10.0.40219.1
Project("{FAE04EC0-301F-11D3-BF4B-00C04F79EFBC}") = "Dapper.Extension", "Dapper.Extension\Dapper.Extension.csproj", "{BA3AF78D-9091-4EBC-A15E-51FD283C6A72}"
EndProject
Project("{FAE04EC0-301F-11D3-BF4B-00C04F79EFBC}") = "UnitTest", "UnitTest\UnitTest.csproj", "{D27DE00D-AE87-411E-A7D2-021454A6391B}"
EndProject
Project("{FAE04EC0-301F-11D3-BF4B-00C04F79EFBC}") = "MicroWeb", "MicroWeb\MicroWeb.csproj", "{99CDC6E5-02A3-47FE-A107-2E140730E566}"
EndProject
Project("{FAE04EC0-301F-11D3-BF4B-00C04F79EFBC}") = "Common.Library", "Utility.Library\Common.Library.csproj", "{1E04F494-DB6F-41C0-B8D7-CF9F38D7731E}"
EndProject
Global
	GlobalSection(SolutionConfigurationPlatforms) = preSolution
		Debug|Any CPU = Debug|Any CPU
		Release|Any CPU = Release|Any CPU
	EndGlobalSection
	GlobalSection(ProjectConfigurationPlatforms) = postSolution
		{BA3AF78D-9091-4EBC-A15E-51FD283C6A72}.Debug|Any CPU.ActiveCfg = Debug|Any CPU
		{BA3AF78D-9091-4EBC-A15E-51FD283C6A72}.Debug|Any CPU.Build.0 = Debug|Any CPU
		{BA3AF78D-9091-4EBC-A15E-51FD283C6A72}.Release|Any CPU.ActiveCfg = Release|Any CPU
		{BA3AF78D-9091-4EBC-A15E-51FD283C6A72}.Release|Any CPU.Build.0 = Release|Any CPU
		{D27DE00D-AE87-411E-A7D2-021454A6391B}.Debug|Any CPU.ActiveCfg = Debug|Any CPU
		{D27DE00D-AE87-411E-A7D2-021454A6391B}.Debug|Any CPU.Build.0 = Debug|Any CPU
		{D27DE00D-AE87-411E-A7D2-021454A6391B}.Release|Any CPU.ActiveCfg = Release|Any CPU
		{D27DE00D-AE87-411E-A7D2-021454A6391B}.Release|Any CPU.Build.0 = Release|Any CPU
		{99CDC6E5-02A3-47FE-A107-2E140730E566}.Debug|Any CPU.ActiveCfg = Debug|Any CPU
		{99CDC6E5-02A3-47FE-A107-2E140730E566}.Debug|Any CPU.Build.0 = Debug|Any CPU
		{99CDC6E5-02A3-47FE-A107-2E140730E566}.Release|Any CPU.ActiveCfg = Release|Any CPU
		{99CDC6E5-02A3-47FE-A107-2E140730E566}.Release|Any CPU.Build.0 = Release|Any CPU
		{1E04F494-DB6F-41C0-B8D7-CF9F38D7731E}.Debug|Any CPU.ActiveCfg = Debug|Any CPU
		{1E04F494-DB6F-41C0-B8D7-CF9F38D7731E}.Debug|Any CPU.Build.0 = Debug|Any CPU
		{1E04F494-DB6F-41C0-B8D7-CF9F38D7731E}.Release|Any CPU.ActiveCfg = Release|Any CPU
		{1E04F494-DB6F-41C0-B8D7-CF9F38D7731E}.Release|Any CPU.Build.0 = Release|Any CPU
	EndGlobalSection
	GlobalSection(SolutionProperties) = preSolution
		HideSolutionNode = FALSE
	EndGlobalSection
	GlobalSection(ExtensibilityGlobals) = postSolution
		SolutionGuid = {3D325C6C-F47F-4296-8C01-11E22A7A7654}
	EndGlobalSection
EndGlobal
